
Microsoft Visual Studio Solution File, Format Version 12.00
# Visual Studio Version 17
VisualStudioVersion = 17.1.32421.90
MinimumVisualStudioVersion = 10.0.40219.1
Project("{FAE04EC0-301F-11D3-BF4B-00C04F79EFBC}") = "Ejercicio clase6", "Ejercicio clase6\Ejercicio clase6.csproj", "{9818198A-AAD0-41AE-901E-EDC919D663CB}"
EndProject
Global
	GlobalSection(SolutionConfigurationPlatforms) = preSolution
		Debug|Any CPU = Debug|Any CPU
		Release|Any CPU = Release|Any CPU
	EndGlobalSection
	GlobalSection(ProjectConfigurationPlatforms) = postSolution
		{9818198A-AAD0-41AE-901E-EDC919D663CB}.Debug|Any CPU.ActiveCfg = Debug|Any CPU
		{9818198A-AAD0-41AE-901E-EDC919D663CB}.Debug|Any CPU.Build.0 = Debug|Any CPU
		{9818198A-AAD0-41AE-901E-EDC919D663CB}.Release|Any CPU.ActiveCfg = Release|Any CPU
		{9818198A-AAD0-41AE-901E-EDC919D663CB}.Release|Any CPU.Build.0 = Release|Any CPU
	EndGlobalSection
	GlobalSection(SolutionProperties) = preSolution
		HideSolutionNode = FALSE
	EndGlobalSection
	GlobalSection(ExtensibilityGlobals) = postSolution
		SolutionGuid = {4FD211D0-5D04-4A6C-B6F5-E6BBBF78020D}
	EndGlobalSection
EndGlobal
