
Microsoft Visual Studio Solution File, Format Version 12.00
# Visual Studio Version 17
VisualStudioVersion = 17.1.32421.90
MinimumVisualStudioVersion = 10.0.40219.1
Project("{FAE04EC0-301F-11D3-BF4B-00C04F79EFBC}") = "Ejercicio Clase5", "Ejercicio Clase5\Ejercicio Clase5.csproj", "{41BB442B-D654-458F-8102-0AF668F92817}"
EndProject
Global
	GlobalSection(SolutionConfigurationPlatforms) = preSolution
		Debug|Any CPU = Debug|Any CPU
		Release|Any CPU = Release|Any CPU
	EndGlobalSection
	GlobalSection(ProjectConfigurationPlatforms) = postSolution
		{41BB442B-D654-458F-8102-0AF668F92817}.Debug|Any CPU.ActiveCfg = Debug|Any CPU
		{41BB442B-D654-458F-8102-0AF668F92817}.Debug|Any CPU.Build.0 = Debug|Any CPU
		{41BB442B-D654-458F-8102-0AF668F92817}.Release|Any CPU.ActiveCfg = Release|Any CPU
		{41BB442B-D654-458F-8102-0AF668F92817}.Release|Any CPU.Build.0 = Release|Any CPU
	EndGlobalSection
	GlobalSection(SolutionProperties) = preSolution
		HideSolutionNode = FALSE
	EndGlobalSection
	GlobalSection(ExtensibilityGlobals) = postSolution
		SolutionGuid = {725B4A55-3A6A-47D2-B144-275334176A7F}
	EndGlobalSection
EndGlobal
